// !$*UTF8*$!
{
	archiveVersion = 1;
	classes = {
	};
	objectVersion = 56;
	objects = {

/* Begin PBXBuildFile section */
		E9631F502951C41600F3D07B /* urbanclimb_frothApp.swift in Sources */ = {isa = PBXBuildFile; fileRef = E9631F4F2951C41600F3D07B /* urbanclimb_frothApp.swift */; };
		E9631F542951C41700F3D07B /* Assets.xcassets in Resources */ = {isa = PBXBuildFile; fileRef = E9631F532951C41700F3D07B /* Assets.xcassets */; };
		E9631F582951C41700F3D07B /* Preview Assets.xcassets in Resources */ = {isa = PBXBuildFile; fileRef = E9631F572951C41700F3D07B /* Preview Assets.xcassets */; };
		E9631F622951C41700F3D07B /* urbanclimb_frothTests.swift in Sources */ = {isa = PBXBuildFile; fileRef = E9631F612951C41700F3D07B /* urbanclimb_frothTests.swift */; };
		E9631F6C2951C41700F3D07B /* urbanclimb_frothUITests.swift in Sources */ = {isa = PBXBuildFile; fileRef = E9631F6B2951C41700F3D07B /* urbanclimb_frothUITests.swift */; };
		E9631F6E2951C41700F3D07B /* urbanclimb_frothUITestsLaunchTests.swift in Sources */ = {isa = PBXBuildFile; fileRef = E9631F6D2951C41700F3D07B /* urbanclimb_frothUITestsLaunchTests.swift */; };
/* End PBXBuildFile section */

/* Begin PBXContainerItemProxy section */
		E9631F5E2951C41700F3D07B /* PBXContainerItemProxy */ = {
			isa = PBXContainerItemProxy;
			containerPortal = E9631F442951C41600F3D07B /* Project object */;
			proxyType = 1;
			remoteGlobalIDString = E9631F4B2951C41600F3D07B;
			remoteInfo = "urbanclimb-froth";
		};
		E9631F682951C41700F3D07B /* PBXContainerItemProxy */ = {
			isa = PBXContainerItemProxy;
			containerPortal = E9631F442951C41600F3D07B /* Project object */;
			proxyType = 1;
			remoteGlobalIDString = E9631F4B2951C41600F3D07B;
			remoteInfo = "urbanclimb-froth";
		};
/* End PBXContainerItemProxy section */

/* Begin PBXFileReference section */
		E9631F4C2951C41600F3D07B /* urbanclimb-froth.app */ = {isa = PBXFileReference; explicitFileType = wrapper.application; includeInIndex = 0; path = "urbanclimb-froth.app"; sourceTree = BUILT_PRODUCTS_DIR; };
		E9631F4F2951C41600F3D07B /* urbanclimb_frothApp.swift */ = {isa = PBXFileReference; lastKnownFileType = sourcecode.swift; path = urbanclimb_frothApp.swift; sourceTree = "<group>"; };
		E9631F532951C41700F3D07B /* Assets.xcassets */ = {isa = PBXFileReference; lastKnownFileType = folder.assetcatalog; path = Assets.xcassets; sourceTree = "<group>"; };
		E9631F552951C41700F3D07B /* urbanclimb_froth.entitlements */ = {isa = PBXFileReference; lastKnownFileType = text.plist.entitlements; path = urbanclimb_froth.entitlements; sourceTree = "<group>"; };
		E9631F572951C41700F3D07B /* Preview Assets.xcassets */ = {isa = PBXFileReference; lastKnownFileType = folder.assetcatalog; path = "Preview Assets.xcassets"; sourceTree = "<group>"; };
		E9631F5D2951C41700F3D07B /* urbanclimb-frothTests.xctest */ = {isa = PBXFileReference; explicitFileType = wrapper.cfbundle; includeInIndex = 0; path = "urbanclimb-frothTests.xctest"; sourceTree = BUILT_PRODUCTS_DIR; };
		E9631F612951C41700F3D07B /* urbanclimb_frothTests.swift */ = {isa = PBXFileReference; lastKnownFileType = sourcecode.swift; path = urbanclimb_frothTests.swift; sourceTree = "<group>"; };
		E9631F672951C41700F3D07B /* urbanclimb-frothUITests.xctest */ = {isa = PBXFileReference; explicitFileType = wrapper.cfbundle; includeInIndex = 0; path = "urbanclimb-frothUITests.xctest"; sourceTree = BUILT_PRODUCTS_DIR; };
		E9631F6B2951C41700F3D07B /* urbanclimb_frothUITests.swift */ = {isa = PBXFileReference; lastKnownFileType = sourcecode.swift; path = urbanclimb_frothUITests.swift; sourceTree = "<group>"; };
		E9631F6D2951C41700F3D07B /* urbanclimb_frothUITestsLaunchTests.swift */ = {isa = PBXFileReference; lastKnownFileType = sourcecode.swift; path = urbanclimb_frothUITestsLaunchTests.swift; sourceTree = "<group>"; };
/* End PBXFileReference section */

/* Begin PBXFrameworksBuildPhase section */
		E9631F492951C41600F3D07B /* Frameworks */ = {
			isa = PBXFrameworksBuildPhase;
			buildActionMask = 2147483647;
			files = (
			);
			runOnlyForDeploymentPostprocessing = 0;
		};
		E9631F5A2951C41700F3D07B /* Frameworks */ = {
			isa = PBXFrameworksBuildPhase;
			buildActionMask = 2147483647;
			files = (
			);
			runOnlyForDeploymentPostprocessing = 0;
		};
		E9631F642951C41700F3D07B /* Frameworks */ = {
			isa = PBXFrameworksBuildPhase;
			buildActionMask = 2147483647;
			files = (
			);
			runOnlyForDeploymentPostprocessing = 0;
		};
/* End PBXFrameworksBuildPhase section */

/* Begin PBXGroup section */
		E9631F432951C41600F3D07B = {
			isa = PBXGroup;
			children = (
				E9631F4E2951C41600F3D07B /* urbanclimb-froth */,
				E9631F602951C41700F3D07B /* urbanclimb-frothTests */,
				E9631F6A2951C41700F3D07B /* urbanclimb-frothUITests */,
				E9631F4D2951C41600F3D07B /* Products */,
			);
			sourceTree = "<group>";
		};
		E9631F4D2951C41600F3D07B /* Products */ = {
			isa = PBXGroup;
			children = (
				E9631F4C2951C41600F3D07B /* urbanclimb-froth.app */,
				E9631F5D2951C41700F3D07B /* urbanclimb-frothTests.xctest */,
				E9631F672951C41700F3D07B /* urbanclimb-frothUITests.xctest */,
			);
			name = Products;
			sourceTree = "<group>";
		};
		E9631F4E2951C41600F3D07B /* urbanclimb-froth */ = {
			isa = PBXGroup;
			children = (
				E9631F4F2951C41600F3D07B /* urbanclimb_frothApp.swift */,
				E9631F532951C41700F3D07B /* Assets.xcassets */,
				E9631F552951C41700F3D07B /* urbanclimb_froth.entitlements */,
				E9631F562951C41700F3D07B /* Preview Content */,
			);
			path = "urbanclimb-froth";
			sourceTree = "<group>";
		};
		E9631F562951C41700F3D07B /* Preview Content */ = {
			isa = PBXGroup;
			children = (
				E9631F572951C41700F3D07B /* Preview Assets.xcassets */,
			);
			path = "Preview Content";
			sourceTree = "<group>";
		};
		E9631F602951C41700F3D07B /* urbanclimb-frothTests */ = {
			isa = PBXGroup;
			children = (
				E9631F612951C41700F3D07B /* urbanclimb_frothTests.swift */,
			);
			path = "urbanclimb-frothTests";
			sourceTree = "<group>";
		};
		E9631F6A2951C41700F3D07B /* urbanclimb-frothUITests */ = {
			isa = PBXGroup;
			children = (
				E9631F6B2951C41700F3D07B /* urbanclimb_frothUITests.swift */,
				E9631F6D2951C41700F3D07B /* urbanclimb_frothUITestsLaunchTests.swift */,
			);
			path = "urbanclimb-frothUITests";
			sourceTree = "<group>";
		};
/* End PBXGroup section */

/* Begin PBXNativeTarget section */
		E9631F4B2951C41600F3D07B /* urbanclimb-froth */ = {
			isa = PBXNativeTarget;
			buildConfigurationList = E9631F712951C41700F3D07B /* Build configuration list for PBXNativeTarget "urbanclimb-froth" */;
			buildPhases = (
				E9631F482951C41600F3D07B /* Sources */,
				E9631F492951C41600F3D07B /* Frameworks */,
				E9631F4A2951C41600F3D07B /* Resources */,
			);
			buildRules = (
			);
			dependencies = (
			);
			name = "urbanclimb-froth";
			productName = "urbanclimb-froth";
			productReference = E9631F4C2951C41600F3D07B /* urbanclimb-froth.app */;
			productType = "com.apple.product-type.application";
		};
		E9631F5C2951C41700F3D07B /* urbanclimb-frothTests */ = {
			isa = PBXNativeTarget;
			buildConfigurationList = E9631F742951C41700F3D07B /* Build configuration list for PBXNativeTarget "urbanclimb-frothTests" */;
			buildPhases = (
				E9631F592951C41700F3D07B /* Sources */,
				E9631F5A2951C41700F3D07B /* Frameworks */,
				E9631F5B2951C41700F3D07B /* Resources */,
			);
			buildRules = (
			);
			dependencies = (
				E9631F5F2951C41700F3D07B /* PBXTargetDependency */,
			);
			name = "urbanclimb-frothTests";
			productName = "urbanclimb-frothTests";
			productReference = E9631F5D2951C41700F3D07B /* urbanclimb-frothTests.xctest */;
			productType = "com.apple.product-type.bundle.unit-test";
		};
		E9631F662951C41700F3D07B /* urbanclimb-frothUITests */ = {
			isa = PBXNativeTarget;
			buildConfigurationList = E9631F772951C41700F3D07B /* Build configuration list for PBXNativeTarget "urbanclimb-frothUITests" */;
			buildPhases = (
				E9631F632951C41700F3D07B /* Sources */,
				E9631F642951C41700F3D07B /* Frameworks */,
				E9631F652951C41700F3D07B /* Resources */,
			);
			buildRules = (
			);
			dependencies = (
				E9631F692951C41700F3D07B /* PBXTargetDependency */,
			);
			name = "urbanclimb-frothUITests";
			productName = "urbanclimb-frothUITests";
			productReference = E9631F672951C41700F3D07B /* urbanclimb-frothUITests.xctest */;
			productType = "com.apple.product-type.bundle.ui-testing";
		};
/* End PBXNativeTarget section */

/* Begin PBXProject section */
		E9631F442951C41600F3D07B /* Project object */ = {
			isa = PBXProject;
			attributes = {
				BuildIndependentTargetsInParallel = 1;
				LastSwiftUpdateCheck = 1420;
				LastUpgradeCheck = 1420;
				TargetAttributes = {
					E9631F4B2951C41600F3D07B = {
						CreatedOnToolsVersion = 14.2;
					};
					E9631F5C2951C41700F3D07B = {
						CreatedOnToolsVersion = 14.2;
						TestTargetID = E9631F4B2951C41600F3D07B;
					};
					E9631F662951C41700F3D07B = {
						CreatedOnToolsVersion = 14.2;
						TestTargetID = E9631F4B2951C41600F3D07B;
					};
				};
			};
			buildConfigurationList = E9631F472951C41600F3D07B /* Build configuration list for PBXProject "urbanclimb-froth" */;
			compatibilityVersion = "Xcode 14.0";
			developmentRegion = en;
			hasScannedForEncodings = 0;
			knownRegions = (
				en,
				Base,
			);
			mainGroup = E9631F432951C41600F3D07B;
			productRefGroup = E9631F4D2951C41600F3D07B /* Products */;
			projectDirPath = "";
			projectRoot = "";
			targets = (
				E9631F4B2951C41600F3D07B /* urbanclimb-froth */,
				E9631F5C2951C41700F3D07B /* urbanclimb-frothTests */,
				E9631F662951C41700F3D07B /* urbanclimb-frothUITests */,
			);
		};
/* End PBXProject section */

/* Begin PBXResourcesBuildPhase section */
		E9631F4A2951C41600F3D07B /* Resources */ = {
			isa = PBXResourcesBuildPhase;
			buildActionMask = 2147483647;
			files = (
				E9631F582951C41700F3D07B /* Preview Assets.xcassets in Resources */,
				E9631F542951C41700F3D07B /* Assets.xcassets in Resources */,
			);
			runOnlyForDeploymentPostprocessing = 0;
		};
		E9631F5B2951C41700F3D07B /* Resources */ = {
			isa = PBXResourcesBuildPhase;
			buildActionMask = 2147483647;
			files = (
			);
			runOnlyForDeploymentPostprocessing = 0;
		};
		E9631F652951C41700F3D07B /* Resources */ = {
			isa = PBXResourcesBuildPhase;
			buildActionMask = 2147483647;
			files = (
			);
			runOnlyForDeploymentPostprocessing = 0;
		};
/* End PBXResourcesBuildPhase section */

/* Begin PBXSourcesBuildPhase section */
		E9631F482951C41600F3D07B /* Sources */ = {
			isa = PBXSourcesBuildPhase;
			buildActionMask = 2147483647;
			files = (
				E9631F502951C41600F3D07B /* urbanclimb_frothApp.swift in Sources */,
			);
			runOnlyForDeploymentPostprocessing = 0;
		};
		E9631F592951C41700F3D07B /* Sources */ = {
			isa = PBXSourcesBuildPhase;
			buildActionMask = 2147483647;
			files = (
				E9631F622951C41700F3D07B /* urbanclimb_frothTests.swift in Sources */,
			);
			runOnlyForDeploymentPostprocessing = 0;
		};
		E9631F632951C41700F3D07B /* Sources */ = {
			isa = PBXSourcesBuildPhase;
			buildActionMask = 2147483647;
			files = (
				E9631F6C2951C41700F3D07B /* urbanclimb_frothUITests.swift in Sources */,
				E9631F6E2951C41700F3D07B /* urbanclimb_frothUITestsLaunchTests.swift in Sources */,
			);
			runOnlyForDeploymentPostprocessing = 0;
		};
/* End PBXSourcesBuildPhase section */

/* Begin PBXTargetDependency section */
		E9631F5F2951C41700F3D07B /* PBXTargetDependency */ = {
			isa = PBXTargetDependency;
			target = E9631F4B2951C41600F3D07B /* urbanclimb-froth */;
			targetProxy = E9631F5E2951C41700F3D07B /* PBXContainerItemProxy */;
		};
		E9631F692951C41700F3D07B /* PBXTargetDependency */ = {
			isa = PBXTargetDependency;
			target = E9631F4B2951C41600F3D07B /* urbanclimb-froth */;
			targetProxy = E9631F682951C41700F3D07B /* PBXContainerItemProxy */;
		};
/* End PBXTargetDependency section */

/* Begin XCBuildConfiguration section */
		E9631F6F2951C41700F3D07B /* Debug */ = {
			isa = XCBuildConfiguration;
			buildSettings = {
				ALWAYS_SEARCH_USER_PATHS = NO;
				CLANG_ANALYZER_NONNULL = YES;
				CLANG_ANALYZER_NUMBER_OBJECT_CONVERSION = YES_AGGRESSIVE;
				CLANG_CXX_LANGUAGE_STANDARD = "gnu++20";
				CLANG_ENABLE_MODULES = YES;
				CLANG_ENABLE_OBJC_ARC = YES;
				CLANG_ENABLE_OBJC_WEAK = YES;
				CLANG_WARN_BLOCK_CAPTURE_AUTORELEASING = YES;
				CLANG_WARN_BOOL_CONVERSION = YES;
				CLANG_WARN_COMMA = YES;
				CLANG_WARN_CONSTANT_CONVERSION = YES;
				CLANG_WARN_DEPRECATED_OBJC_IMPLEMENTATIONS = YES;
				CLANG_WARN_DIRECT_OBJC_ISA_USAGE = YES_ERROR;
				CLANG_WARN_DOCUMENTATION_COMMENTS = YES;
				CLANG_WARN_EMPTY_BODY = YES;
				CLANG_WARN_ENUM_CONVERSION = YES;
				CLANG_WARN_INFINITE_RECURSION = YES;
				CLANG_WARN_INT_CONVERSION = YES;
				CLANG_WARN_NON_LITERAL_NULL_CONVERSION = YES;
				CLANG_WARN_OBJC_IMPLICIT_RETAIN_SELF = YES;
				CLANG_WARN_OBJC_LITERAL_CONVERSION = YES;
				CLANG_WARN_OBJC_ROOT_CLASS = YES_ERROR;
				CLANG_WARN_QUOTED_INCLUDE_IN_FRAMEWORK_HEADER = YES;
				CLANG_WARN_RANGE_LOOP_ANALYSIS = YES;
				CLANG_WARN_STRICT_PROTOTYPES = YES;
				CLANG_WARN_SUSPICIOUS_MOVE = YES;
				CLANG_WARN_UNGUARDED_AVAILABILITY = YES_AGGRESSIVE;
				CLANG_WARN_UNREACHABLE_CODE = YES;
				CLANG_WARN__DUPLICATE_METHOD_MATCH = YES;
				COPY_PHASE_STRIP = NO;
				DEBUG_INFORMATION_FORMAT = dwarf;
				ENABLE_STRICT_OBJC_MSGSEND = YES;
				ENABLE_TESTABILITY = YES;
				GCC_C_LANGUAGE_STANDARD = gnu11;
				GCC_DYNAMIC_NO_PIC = NO;
				GCC_NO_COMMON_BLOCKS = YES;
				GCC_OPTIMIZATION_LEVEL = 0;
				GCC_PREPROCESSOR_DEFINITIONS = (
					"DEBUG=1",
					"$(inherited)",
				);
				GCC_WARN_64_TO_32_BIT_CONVERSION = YES;
				GCC_WARN_ABOUT_RETURN_TYPE = YES_ERROR;
				GCC_WARN_UNDECLARED_SELECTOR = YES;
				GCC_WARN_UNINITIALIZED_AUTOS = YES_AGGRESSIVE;
				GCC_WARN_UNUSED_FUNCTION = YES;
				GCC_WARN_UNUSED_VARIABLE = YES;
				MTL_ENABLE_DEBUG_INFO = INCLUDE_SOURCE;
				MTL_FAST_MATH = YES;
				ONLY_ACTIVE_ARCH = YES;
				SWIFT_ACTIVE_COMPILATION_CONDITIONS = DEBUG;
				SWIFT_OPTIMIZATION_LEVEL = "-Onone";
			};
			name = Debug;
		};
		E9631F702951C41700F3D07B /* Release */ = {
			isa = XCBuildConfiguration;
			buildSettings = {
				ALWAYS_SEARCH_USER_PATHS = NO;
				CLANG_ANALYZER_NONNULL = YES;
				CLANG_ANALYZER_NUMBER_OBJECT_CONVERSION = YES_AGGRESSIVE;
				CLANG_CXX_LANGUAGE_STANDARD = "gnu++20";
				CLANG_ENABLE_MODULES = YES;
				CLANG_ENABLE_OBJC_ARC = YES;
				CLANG_ENABLE_OBJC_WEAK = YES;
				CLANG_WARN_BLOCK_CAPTURE_AUTORELEASING = YES;
				CLANG_WARN_BOOL_CONVERSION = YES;
				CLANG_WARN_COMMA = YES;
				CLANG_WARN_CONSTANT_CONVERSION = YES;
				CLANG_WARN_DEPRECATED_OBJC_IMPLEMENTATIONS = YES;
				CLANG_WARN_DIRECT_OBJC_ISA_USAGE = YES_ERROR;
				CLANG_WARN_DOCUMENTATION_COMMENTS = YES;
				CLANG_WARN_EMPTY_BODY = YES;
				CLANG_WARN_ENUM_CONVERSION = YES;
				CLANG_WARN_INFINITE_RECURSION = YES;
				CLANG_WARN_INT_CONVERSION = YES;
				CLANG_WARN_NON_LITERAL_NULL_CONVERSION = YES;
				CLANG_WARN_OBJC_IMPLICIT_RETAIN_SELF = YES;
				CLANG_WARN_OBJC_LITERAL_CONVERSION = YES;
				CLANG_WARN_OBJC_ROOT_CLASS = YES_ERROR;
				CLANG_WARN_QUOTED_INCLUDE_IN_FRAMEWORK_HEADER = YES;
				CLANG_WARN_RANGE_LOOP_ANALYSIS = YES;
				CLANG_WARN_STRICT_PROTOTYPES = YES;
				CLANG_WARN_SUSPICIOUS_MOVE = YES;
				CLANG_WARN_UNGUARDED_AVAILABILITY = YES_AGGRESSIVE;
				CLANG_WARN_UNREACHABLE_CODE = YES;
				CLANG_WARN__DUPLICATE_METHOD_MATCH = YES;
				COPY_PHASE_STRIP = NO;
				DEBUG_INFORMATION_FORMAT = "dwarf-with-dsym";
				ENABLE_NS_ASSERTIONS = NO;
				ENABLE_STRICT_OBJC_MSGSEND = YES;
				GCC_C_LANGUAGE_STANDARD = gnu11;
				GCC_NO_COMMON_BLOCKS = YES;
				GCC_WARN_64_TO_32_BIT_CONVERSION = YES;
				GCC_WARN_ABOUT_RETURN_TYPE = YES_ERROR;
				GCC_WARN_UNDECLARED_SELECTOR = YES;
				GCC_WARN_UNINITIALIZED_AUTOS = YES_AGGRESSIVE;
				GCC_WARN_UNUSED_FUNCTION = YES;
				GCC_WARN_UNUSED_VARIABLE = YES;
				MTL_ENABLE_DEBUG_INFO = NO;
				MTL_FAST_MATH = YES;
				SWIFT_COMPILATION_MODE = wholemodule;
				SWIFT_OPTIMIZATION_LEVEL = "-O";
			};
			name = Release;
		};
		E9631F722951C41700F3D07B /* Debug */ = {
			isa = XCBuildConfiguration;
			buildSettings = {
				ASSETCATALOG_COMPILER_APPICON_NAME = AppIcon;
				ASSETCATALOG_COMPILER_GLOBAL_ACCENT_COLOR_NAME = AccentColor;
				CODE_SIGN_ENTITLEMENTS = "urbanclimb-froth/urbanclimb_froth.entitlements";
				"CODE_SIGN_IDENTITY[sdk=macosx*]" = "-";
				CODE_SIGN_STYLE = Automatic;
				CURRENT_PROJECT_VERSION = 1;
				DEVELOPMENT_ASSET_PATHS = "\"urbanclimb-froth/Preview Content\"";
				ENABLE_PREVIEWS = YES;
				GENERATE_INFOPLIST_FILE = YES;
				INFOPLIST_KEY_LSUIElement = YES;
				"INFOPLIST_KEY_UIApplicationSceneManifest_Generation[sdk=iphoneos*]" = YES;
				"INFOPLIST_KEY_UIApplicationSceneManifest_Generation[sdk=iphonesimulator*]" = YES;
				"INFOPLIST_KEY_UIApplicationSupportsIndirectInputEvents[sdk=iphoneos*]" = YES;
				"INFOPLIST_KEY_UIApplicationSupportsIndirectInputEvents[sdk=iphonesimulator*]" = YES;
				"INFOPLIST_KEY_UILaunchScreen_Generation[sdk=iphoneos*]" = YES;
				"INFOPLIST_KEY_UILaunchScreen_Generation[sdk=iphonesimulator*]" = YES;
				"INFOPLIST_KEY_UIStatusBarStyle[sdk=iphoneos*]" = UIStatusBarStyleDefault;
				"INFOPLIST_KEY_UIStatusBarStyle[sdk=iphonesimulator*]" = UIStatusBarStyleDefault;
				INFOPLIST_KEY_UISupportedInterfaceOrientations_iPad = "UIInterfaceOrientationPortrait UIInterfaceOrientationPortraitUpsideDown UIInterfaceOrientationLandscapeLeft UIInterfaceOrientationLandscapeRight";
				INFOPLIST_KEY_UISupportedInterfaceOrientations_iPhone = "UIInterfaceOrientationPortrait UIInterfaceOrientationLandscapeLeft UIInterfaceOrientationLandscapeRight";
				IPHONEOS_DEPLOYMENT_TARGET = 16.2;
				LD_RUNPATH_SEARCH_PATHS = "@executable_path/Frameworks";
				"LD_RUNPATH_SEARCH_PATHS[sdk=macosx*]" = "@executable_path/../Frameworks";
				MACOSX_DEPLOYMENT_TARGET = 13.1;
				MARKETING_VERSION = 1.0;
				PRODUCT_BUNDLE_IDENTIFIER = "dev.nspain.urbanclimb-froth";
				PRODUCT_NAME = "$(TARGET_NAME)";
				SDKROOT = auto;
				SUPPORTED_PLATFORMS = "iphoneos iphonesimulator macosx";
				SWIFT_EMIT_LOC_STRINGS = YES;
				SWIFT_VERSION = 5.0;
				TARGETED_DEVICE_FAMILY = "1,2";
			};
			name = Debug;
		};
		E9631F732951C41700F3D07B /* Release */ = {
			isa = XCBuildConfiguration;
			buildSettings = {
				ASSETCATALOG_COMPILER_APPICON_NAME = AppIcon;
				ASSETCATALOG_COMPILER_GLOBAL_ACCENT_COLOR_NAME = AccentColor;
				CODE_SIGN_ENTITLEMENTS = "urbanclimb-froth/urbanclimb_froth.entitlements";
				"CODE_SIGN_IDENTITY[sdk=macosx*]" = "-";
				CODE_SIGN_STYLE = Automatic;
				CURRENT_PROJECT_VERSION = 1;
				DEVELOPMENT_ASSET_PATHS = "\"urbanclimb-froth/Preview Content\"";
				ENABLE_PREVIEWS = YES;
				GENERATE_INFOPLIST_FILE = YES;
				INFOPLIST_KEY_LSUIElement = YES;
				"INFOPLIST_KEY_UIApplicationSceneManifest_Generation[sdk=iphoneos*]" = YES;
				"INFOPLIST_KEY_UIApplicationSceneManifest_Generation[sdk=iphonesimulator*]" = YES;
				"INFOPLIST_KEY_UIApplicationSupportsIndirectInputEvents[sdk=iphoneos*]" = YES;
				"INFOPLIST_KEY_UIApplicationSupportsIndirectInputEvents[sdk=iphonesimulator*]" = YES;
				"INFOPLIST_KEY_UILaunchScreen_Generation[sdk=iphoneos*]" = YES;
				"INFOPLIST_KEY_UILaunchScreen_Generation[sdk=iphonesimulator*]" = YES;
				"INFOPLIST_KEY_UIStatusBarStyle[sdk=iphoneos*]" = UIStatusBarStyleDefault;
				"INFOPLIST_KEY_UIStatusBarStyle[sdk=iphonesimulator*]" = UIStatusBarStyleDefault;
				INFOPLIST_KEY_UISupportedInterfaceOrientations_iPad = "UIInterfaceOrientationPortrait UIInterfaceOrientationPortraitUpsideDown UIInterfaceOrientationLandscapeLeft UIInterfaceOrientationLandscapeRight";
				INFOPLIST_KEY_UISupportedInterfaceOrientations_iPhone = "UIInterfaceOrientationPortrait UIInterfaceOrientationLandscapeLeft UIInterfaceOrientationLandscapeRight";
				IPHONEOS_DEPLOYMENT_TARGET = 16.2;
				LD_RUNPATH_SEARCH_PATHS = "@executable_path/Frameworks";
				"LD_RUNPATH_SEARCH_PATHS[sdk=macosx*]" = "@executable_path/../Frameworks";
				MACOSX_DEPLOYMENT_TARGET = 13.1;
				MARKETING_VERSION = 1.0;
				PRODUCT_BUNDLE_IDENTIFIER = "dev.nspain.urbanclimb-froth";
				PRODUCT_NAME = "$(TARGET_NAME)";
				SDKROOT = auto;
				SUPPORTED_PLATFORMS = "iphoneos iphonesimulator macosx";
				SWIFT_EMIT_LOC_STRINGS = YES;
				SWIFT_VERSION = 5.0;
				TARGETED_DEVICE_FAMILY = "1,2";
			};
			name = Release;
		};
		E9631F752951C41700F3D07B /* Debug */ = {
			isa = XCBuildConfiguration;
			buildSettings = {
				ALWAYS_EMBED_SWIFT_STANDARD_LIBRARIES = YES;
				BUNDLE_LOADER = "$(TEST_HOST)";
				CODE_SIGN_STYLE = Automatic;
				CURRENT_PROJECT_VERSION = 1;
				GENERATE_INFOPLIST_FILE = YES;
				IPHONEOS_DEPLOYMENT_TARGET = 16.2;
				MACOSX_DEPLOYMENT_TARGET = 13.1;
				MARKETING_VERSION = 1.0;
				PRODUCT_BUNDLE_IDENTIFIER = "dev.nspain.urbanclimb-frothTests";
				PRODUCT_NAME = "$(TARGET_NAME)";
				SDKROOT = auto;
				SUPPORTED_PLATFORMS = "iphoneos iphonesimulator macosx";
				SWIFT_EMIT_LOC_STRINGS = NO;
				SWIFT_VERSION = 5.0;
				TARGETED_DEVICE_FAMILY = "1,2";
				TEST_HOST = "$(BUILT_PRODUCTS_DIR)/urbanclimb-froth.app/$(BUNDLE_EXECUTABLE_FOLDER_PATH)/urbanclimb-froth";
			};
			name = Debug;
		};
		E9631F762951C41700F3D07B /* Release */ = {
			isa = XCBuildConfiguration;
			buildSettings = {
				ALWAYS_EMBED_SWIFT_STANDARD_LIBRARIES = YES;
				BUNDLE_LOADER = "$(TEST_HOST)";
				CODE_SIGN_STYLE = Automatic;
				CURRENT_PROJECT_VERSION = 1;
				GENERATE_INFOPLIST_FILE = YES;
				IPHONEOS_DEPLOYMENT_TARGET = 16.2;
				MACOSX_DEPLOYMENT_TARGET = 13.1;
				MARKETING_VERSION = 1.0;
				PRODUCT_BUNDLE_IDENTIFIER = "dev.nspain.urbanclimb-frothTests";
				PRODUCT_NAME = "$(TARGET_NAME)";
				SDKROOT = auto;
				SUPPORTED_PLATFORMS = "iphoneos iphonesimulator macosx";
				SWIFT_EMIT_LOC_STRINGS = NO;
				SWIFT_VERSION = 5.0;
				TARGETED_DEVICE_FAMILY = "1,2";
				TEST_HOST = "$(BUILT_PRODUCTS_DIR)/urbanclimb-froth.app/$(BUNDLE_EXECUTABLE_FOLDER_PATH)/urbanclimb-froth";
			};
			name = Release;
		};
		E9631F782951C41700F3D07B /* Debug */ = {
			isa = XCBuildConfiguration;
			buildSettings = {
				ALWAYS_EMBED_SWIFT_STANDARD_LIBRARIES = YES;
				CODE_SIGN_STYLE = Automatic;
				CURRENT_PROJECT_VERSION = 1;
				GENERATE_INFOPLIST_FILE = YES;
				IPHONEOS_DEPLOYMENT_TARGET = 16.2;
				MACOSX_DEPLOYMENT_TARGET = 13.1;
				MARKETING_VERSION = 1.0;
				PRODUCT_BUNDLE_IDENTIFIER = "dev.nspain.urbanclimb-frothUITests";
				PRODUCT_NAME = "$(TARGET_NAME)";
				SDKROOT = auto;
				SUPPORTED_PLATFORMS = "iphoneos iphonesimulator macosx";
				SWIFT_EMIT_LOC_STRINGS = NO;
				SWIFT_VERSION = 5.0;
				TARGETED_DEVICE_FAMILY = "1,2";
				TEST_TARGET_NAME = "urbanclimb-froth";
			};
			name = Debug;
		};
		E9631F792951C41700F3D07B /* Release */ = {
			isa = XCBuildConfiguration;
			buildSettings = {
				ALWAYS_EMBED_SWIFT_STANDARD_LIBRARIES = YES;
				CODE_SIGN_STYLE = Automatic;
				CURRENT_PROJECT_VERSION = 1;
				GENERATE_INFOPLIST_FILE = YES;
				IPHONEOS_DEPLOYMENT_TARGET = 16.2;
				MACOSX_DEPLOYMENT_TARGET = 13.1;
				MARKETING_VERSION = 1.0;
				PRODUCT_BUNDLE_IDENTIFIER = "dev.nspain.urbanclimb-frothUITests";
				PRODUCT_NAME = "$(TARGET_NAME)";
				SDKROOT = auto;
				SUPPORTED_PLATFORMS = "iphoneos iphonesimulator macosx";
				SWIFT_EMIT_LOC_STRINGS = NO;
				SWIFT_VERSION = 5.0;
				TARGETED_DEVICE_FAMILY = "1,2";
				TEST_TARGET_NAME = "urbanclimb-froth";
			};
			name = Release;
		};
/* End XCBuildConfiguration section */

/* Begin XCConfigurationList section */
		E9631F472951C41600F3D07B /* Build configuration list for PBXProject "urbanclimb-froth" */ = {
			isa = XCConfigurationList;
			buildConfigurations = (
				E9631F6F2951C41700F3D07B /* Debug */,
				E9631F702951C41700F3D07B /* Release */,
			);
			defaultConfigurationIsVisible = 0;
			defaultConfigurationName = Release;
		};
		E9631F712951C41700F3D07B /* Build configuration list for PBXNativeTarget "urbanclimb-froth" */ = {
			isa = XCConfigurationList;
			buildConfigurations = (
				E9631F722951C41700F3D07B /* Debug */,
				E9631F732951C41700F3D07B /* Release */,
			);
			defaultConfigurationIsVisible = 0;
			defaultConfigurationName = Release;
		};
		E9631F742951C41700F3D07B /* Build configuration list for PBXNativeTarget "urbanclimb-frothTests" */ = {
			isa = XCConfigurationList;
			buildConfigurations = (
				E9631F752951C41700F3D07B /* Debug */,
				E9631F762951C41700F3D07B /* Release */,
			);
			defaultConfigurationIsVisible = 0;
			defaultConfigurationName = Release;
		};
		E9631F772951C41700F3D07B /* Build configuration list for PBXNativeTarget "urbanclimb-frothUITests" */ = {
			isa = XCConfigurationList;
			buildConfigurations = (
				E9631F782951C41700F3D07B /* Debug */,
				E9631F792951C41700F3D07B /* Release */,
			);
			defaultConfigurationIsVisible = 0;
			defaultConfigurationName = Release;
		};
/* End XCConfigurationList section */
	};
	rootObject = E9631F442951C41600F3D07B /* Project object */;
}
